// !$*UTF8*$!
{
	archiveVersion = 1;
	classes = {
	};
	objectVersion = 46;
	objects = {

/* Begin PBXBuildFile section */
		212BD43A1A65954500CB8FD5 /* AppDelegate.swift in Sources */ = {isa = PBXBuildFile; fileRef = 212BD4391A65954500CB8FD5 /* AppDelegate.swift */; };
		212BD43C1A65954500CB8FD5 /* ViewController.swift in Sources */ = {isa = PBXBuildFile; fileRef = 212BD43B1A65954500CB8FD5 /* ViewController.swift */; };
		212BD43F1A65954500CB8FD5 /* Main.storyboard in Resources */ = {isa = PBXBuildFile; fileRef = 212BD43D1A65954500CB8FD5 /* Main.storyboard */; };
		212BD4411A65954500CB8FD5 /* Images.xcassets in Resources */ = {isa = PBXBuildFile; fileRef = 212BD4401A65954500CB8FD5 /* Images.xcassets */; };
		212BD4441A65954500CB8FD5 /* LaunchScreen.xib in Resources */ = {isa = PBXBuildFile; fileRef = 212BD4421A65954500CB8FD5 /* LaunchScreen.xib */; };
		212BD4501A65954500CB8FD5 /* PMInterViewTests.swift in Sources */ = {isa = PBXBuildFile; fileRef = 212BD44F1A65954500CB8FD5 /* PMInterViewTests.swift */; };
		212BD45C1A6596A800CB8FD5 /* PMInterPage.swift in Sources */ = {isa = PBXBuildFile; fileRef = 212BD45B1A6596A800CB8FD5 /* PMInterPage.swift */; };
		212BD4601A65973A00CB8FD5 /* PMInterView.swift in Sources */ = {isa = PBXBuildFile; fileRef = 212BD45F1A65973A00CB8FD5 /* PMInterView.swift */; };
		212BD4971A6A487100CB8FD5 /* bg1@2x.png in Resources */ = {isa = PBXBuildFile; fileRef = 212BD48F1A6A487000CB8FD5 /* bg1@2x.png */; };
		212BD4981A6A487100CB8FD5 /* bg2@2x.png in Resources */ = {isa = PBXBuildFile; fileRef = 212BD4901A6A487000CB8FD5 /* bg2@2x.png */; };
		212BD4991A6A487100CB8FD5 /* bg3@2x.png in Resources */ = {isa = PBXBuildFile; fileRef = 212BD4911A6A487000CB8FD5 /* bg3@2x.png */; };
		212BD49A1A6A487100CB8FD5 /* bg4@2x.png in Resources */ = {isa = PBXBuildFile; fileRef = 212BD4921A6A487100CB8FD5 /* bg4@2x.png */; };
		212BD49B1A6A487100CB8FD5 /* title1@2x.png in Resources */ = {isa = PBXBuildFile; fileRef = 212BD4931A6A487100CB8FD5 /* title1@2x.png */; };
		212BD49C1A6A487100CB8FD5 /* title2@2x.png in Resources */ = {isa = PBXBuildFile; fileRef = 212BD4941A6A487100CB8FD5 /* title2@2x.png */; };
		212BD49D1A6A487100CB8FD5 /* title3@2x.png in Resources */ = {isa = PBXBuildFile; fileRef = 212BD4951A6A487100CB8FD5 /* title3@2x.png */; };
		212BD49E1A6A487100CB8FD5 /* title4@2x.png in Resources */ = {isa = PBXBuildFile; fileRef = 212BD4961A6A487100CB8FD5 /* title4@2x.png */; };
/* End PBXBuildFile section */

/* Begin PBXContainerItemProxy section */
		212BD44A1A65954500CB8FD5 /* PBXContainerItemProxy */ = {
			isa = PBXContainerItemProxy;
			containerPortal = 212BD42C1A65954500CB8FD5 /* Project object */;
			proxyType = 1;
			remoteGlobalIDString = 212BD4331A65954500CB8FD5;
			remoteInfo = PMInterView;
		};
/* End PBXContainerItemProxy section */

/* Begin PBXFileReference section */
		212BD4341A65954500CB8FD5 /* PMInterView.app */ = {isa = PBXFileReference; explicitFileType = wrapper.application; includeInIndex = 0; path = PMInterView.app; sourceTree = BUILT_PRODUCTS_DIR; };
		212BD4381A65954500CB8FD5 /* Info.plist */ = {isa = PBXFileReference; lastKnownFileType = text.plist.xml; path = Info.plist; sourceTree = "<group>"; };
		212BD4391A65954500CB8FD5 /* AppDelegate.swift */ = {isa = PBXFileReference; lastKnownFileType = sourcecode.swift; path = AppDelegate.swift; sourceTree = "<group>"; };
		212BD43B1A65954500CB8FD5 /* ViewController.swift */ = {isa = PBXFileReference; lastKnownFileType = sourcecode.swift; path = ViewController.swift; sourceTree = "<group>"; };
		212BD43E1A65954500CB8FD5 /* Base */ = {isa = PBXFileReference; lastKnownFileType = file.storyboard; name = Base; path = Base.lproj/Main.storyboard; sourceTree = "<group>"; };
		212BD4401A65954500CB8FD5 /* Images.xcassets */ = {isa = PBXFileReference; lastKnownFileType = folder.assetcatalog; path = Images.xcassets; sourceTree = "<group>"; };
		212BD4431A65954500CB8FD5 /* Base */ = {isa = PBXFileReference; lastKnownFileType = file.xib; name = Base; path = Base.lproj/LaunchScreen.xib; sourceTree = "<group>"; };
		212BD4491A65954500CB8FD5 /* PMInterViewTests.xctest */ = {isa = PBXFileReference; explicitFileType = wrapper.cfbundle; includeInIndex = 0; path = PMInterViewTests.xctest; sourceTree = BUILT_PRODUCTS_DIR; };
		212BD44E1A65954500CB8FD5 /* Info.plist */ = {isa = PBXFileReference; lastKnownFileType = text.plist.xml; path = Info.plist; sourceTree = "<group>"; };
		212BD44F1A65954500CB8FD5 /* PMInterViewTests.swift */ = {isa = PBXFileReference; lastKnownFileType = sourcecode.swift; path = PMInterViewTests.swift; sourceTree = "<group>"; };
		212BD45B1A6596A800CB8FD5 /* PMInterPage.swift */ = {isa = PBXFileReference; fileEncoding = 4; lastKnownFileType = sourcecode.swift; name = PMInterPage.swift; path = Source/PMInterView/PMInterPage.swift; sourceTree = "<group>"; };
		212BD45F1A65973A00CB8FD5 /* PMInterView.swift */ = {isa = PBXFileReference; fileEncoding = 4; lastKnownFileType = sourcecode.swift; name = PMInterView.swift; path = Source/PMInterView/PMInterView.swift; sourceTree = "<group>"; };
		212BD48F1A6A487000CB8FD5 /* bg1@2x.png */ = {isa = PBXFileReference; lastKnownFileType = image.png; name = "bg1@2x.png"; path = "Resource/bg1@2x.png"; sourceTree = "<group>"; };
		212BD4901A6A487000CB8FD5 /* bg2@2x.png */ = {isa = PBXFileReference; lastKnownFileType = image.png; name = "bg2@2x.png"; path = "Resource/bg2@2x.png"; sourceTree = "<group>"; };
		212BD4911A6A487000CB8FD5 /* bg3@2x.png */ = {isa = PBXFileReference; lastKnownFileType = image.png; name = "bg3@2x.png"; path = "Resource/bg3@2x.png"; sourceTree = "<group>"; };
		212BD4921A6A487100CB8FD5 /* bg4@2x.png */ = {isa = PBXFileReference; lastKnownFileType = image.png; name = "bg4@2x.png"; path = "Resource/bg4@2x.png"; sourceTree = "<group>"; };
		212BD4931A6A487100CB8FD5 /* title1@2x.png */ = {isa = PBXFileReference; lastKnownFileType = image.png; name = "title1@2x.png"; path = "Resource/title1@2x.png"; sourceTree = "<group>"; };
		212BD4941A6A487100CB8FD5 /* title2@2x.png */ = {isa = PBXFileReference; lastKnownFileType = image.png; name = "title2@2x.png"; path = "Resource/title2@2x.png"; sourceTree = "<group>"; };
		212BD4951A6A487100CB8FD5 /* title3@2x.png */ = {isa = PBXFileReference; lastKnownFileType = image.png; name = "title3@2x.png"; path = "Resource/title3@2x.png"; sourceTree = "<group>"; };
		212BD4961A6A487100CB8FD5 /* title4@2x.png */ = {isa = PBXFileReference; lastKnownFileType = image.png; name = "title4@2x.png"; path = "Resource/title4@2x.png"; sourceTree = "<group>"; };
/* End PBXFileReference section */

/* Begin PBXFrameworksBuildPhase section */
		212BD4311A65954500CB8FD5 /* Frameworks */ = {
			isa = PBXFrameworksBuildPhase;
			buildActionMask = 2147483647;
			files = (
			);
			runOnlyForDeploymentPostprocessing = 0;
		};
		212BD4461A65954500CB8FD5 /* Frameworks */ = {
			isa = PBXFrameworksBuildPhase;
			buildActionMask = 2147483647;
			files = (
			);
			runOnlyForDeploymentPostprocessing = 0;
		};
/* End PBXFrameworksBuildPhase section */

/* Begin PBXGroup section */
		212BD42B1A65954500CB8FD5 = {
			isa = PBXGroup;
			children = (
				212BD47C1A6A450E00CB8FD5 /* Resource */,
				212BD4591A65960800CB8FD5 /* Source */,
				212BD4361A65954500CB8FD5 /* PMInterView */,
				212BD44C1A65954500CB8FD5 /* PMInterViewTests */,
				212BD4351A65954500CB8FD5 /* Products */,
			);
			sourceTree = "<group>";
		};
		212BD4351A65954500CB8FD5 /* Products */ = {
			isa = PBXGroup;
			children = (
				212BD4341A65954500CB8FD5 /* PMInterView.app */,
				212BD4491A65954500CB8FD5 /* PMInterViewTests.xctest */,
			);
			name = Products;
			sourceTree = "<group>";
		};
		212BD4361A65954500CB8FD5 /* PMInterView */ = {
			isa = PBXGroup;
			children = (
				212BD4391A65954500CB8FD5 /* AppDelegate.swift */,
				212BD43B1A65954500CB8FD5 /* ViewController.swift */,
				212BD43D1A65954500CB8FD5 /* Main.storyboard */,
				212BD4401A65954500CB8FD5 /* Images.xcassets */,
				212BD4421A65954500CB8FD5 /* LaunchScreen.xib */,
				212BD4371A65954500CB8FD5 /* Supporting Files */,
			);
			path = PMInterView;
			sourceTree = "<group>";
		};
		212BD4371A65954500CB8FD5 /* Supporting Files */ = {
			isa = PBXGroup;
			children = (
				212BD4381A65954500CB8FD5 /* Info.plist */,
			);
			name = "Supporting Files";
			sourceTree = "<group>";
		};
		212BD44C1A65954500CB8FD5 /* PMInterViewTests */ = {
			isa = PBXGroup;
			children = (
				212BD44F1A65954500CB8FD5 /* PMInterViewTests.swift */,
				212BD44D1A65954500CB8FD5 /* Supporting Files */,
			);
			path = PMInterViewTests;
			sourceTree = "<group>";
		};
		212BD44D1A65954500CB8FD5 /* Supporting Files */ = {
			isa = PBXGroup;
			children = (
				212BD44E1A65954500CB8FD5 /* Info.plist */,
			);
			name = "Supporting Files";
			sourceTree = "<group>";
		};
		212BD4591A65960800CB8FD5 /* Source */ = {
			isa = PBXGroup;
			children = (
				212BD45A1A65962A00CB8FD5 /* PMInterView */,
			);
			name = Source;
			sourceTree = "<group>";
		};
		212BD45A1A65962A00CB8FD5 /* PMInterView */ = {
			isa = PBXGroup;
			children = (
				212BD45B1A6596A800CB8FD5 /* PMInterPage.swift */,
				212BD45F1A65973A00CB8FD5 /* PMInterView.swift */,
			);
			name = PMInterView;
			sourceTree = "<group>";
		};
		212BD47C1A6A450E00CB8FD5 /* Resource */ = {
			isa = PBXGroup;
			children = (
				212BD48F1A6A487000CB8FD5 /* bg1@2x.png */,
				212BD4901A6A487000CB8FD5 /* bg2@2x.png */,
				212BD4911A6A487000CB8FD5 /* bg3@2x.png */,
				212BD4921A6A487100CB8FD5 /* bg4@2x.png */,
				212BD4931A6A487100CB8FD5 /* title1@2x.png */,
				212BD4941A6A487100CB8FD5 /* title2@2x.png */,
				212BD4951A6A487100CB8FD5 /* title3@2x.png */,
				212BD4961A6A487100CB8FD5 /* title4@2x.png */,
			);
			name = Resource;
			sourceTree = "<group>";
		};
/* End PBXGroup section */

/* Begin PBXNativeTarget section */
		212BD4331A65954500CB8FD5 /* PMInterView */ = {
			isa = PBXNativeTarget;
			buildConfigurationList = 212BD4531A65954500CB8FD5 /* Build configuration list for PBXNativeTarget "PMInterView" */;
			buildPhases = (
				212BD4301A65954500CB8FD5 /* Sources */,
				212BD4311A65954500CB8FD5 /* Frameworks */,
				212BD4321A65954500CB8FD5 /* Resources */,
			);
			buildRules = (
			);
			dependencies = (
			);
			name = PMInterView;
			productName = PMInterView;
			productReference = 212BD4341A65954500CB8FD5 /* PMInterView.app */;
			productType = "com.apple.product-type.application";
		};
		212BD4481A65954500CB8FD5 /* PMInterViewTests */ = {
			isa = PBXNativeTarget;
			buildConfigurationList = 212BD4561A65954500CB8FD5 /* Build configuration list for PBXNativeTarget "PMInterViewTests" */;
			buildPhases = (
				212BD4451A65954500CB8FD5 /* Sources */,
				212BD4461A65954500CB8FD5 /* Frameworks */,
				212BD4471A65954500CB8FD5 /* Resources */,
			);
			buildRules = (
			);
			dependencies = (
				212BD44B1A65954500CB8FD5 /* PBXTargetDependency */,
			);
			name = PMInterViewTests;
			productName = PMInterViewTests;
			productReference = 212BD4491A65954500CB8FD5 /* PMInterViewTests.xctest */;
			productType = "com.apple.product-type.bundle.unit-test";
		};
/* End PBXNativeTarget section */

/* Begin PBXProject section */
		212BD42C1A65954500CB8FD5 /* Project object */ = {
			isa = PBXProject;
			attributes = {
				CLASSPREFIX = PM;
				LastUpgradeCheck = 0610;
				ORGANIZATIONNAME = ProjM;
				TargetAttributes = {
					212BD4331A65954500CB8FD5 = {
						CreatedOnToolsVersion = 6.1.1;
						DevelopmentTeam = 7ARWKX4JSR;
					};
					212BD4481A65954500CB8FD5 = {
						CreatedOnToolsVersion = 6.1.1;
						TestTargetID = 212BD4331A65954500CB8FD5;
					};
				};
			};
			buildConfigurationList = 212BD42F1A65954500CB8FD5 /* Build configuration list for PBXProject "PMInterView" */;
			compatibilityVersion = "Xcode 3.2";
			developmentRegion = English;
			hasScannedForEncodings = 0;
			knownRegions = (
				en,
				Base,
			);
			mainGroup = 212BD42B1A65954500CB8FD5;
			productRefGroup = 212BD4351A65954500CB8FD5 /* Products */;
			projectDirPath = "";
			projectRoot = "";
			targets = (
				212BD4331A65954500CB8FD5 /* PMInterView */,
				212BD4481A65954500CB8FD5 /* PMInterViewTests */,
			);
		};
/* End PBXProject section */

/* Begin PBXResourcesBuildPhase section */
		212BD4321A65954500CB8FD5 /* Resources */ = {
			isa = PBXResourcesBuildPhase;
			buildActionMask = 2147483647;
			files = (
				212BD43F1A65954500CB8FD5 /* Main.storyboard in Resources */,
				212BD49A1A6A487100CB8FD5 /* bg4@2x.png in Resources */,
				212BD4991A6A487100CB8FD5 /* bg3@2x.png in Resources */,
				212BD49E1A6A487100CB8FD5 /* title4@2x.png in Resources */,
				212BD4971A6A487100CB8FD5 /* bg1@2x.png in Resources */,
				212BD4441A65954500CB8FD5 /* LaunchScreen.xib in Resources */,
				212BD49B1A6A487100CB8FD5 /* title1@2x.png in Resources */,
				212BD4411A65954500CB8FD5 /* Images.xcassets in Resources */,
				212BD49C1A6A487100CB8FD5 /* title2@2x.png in Resources */,
				212BD4981A6A487100CB8FD5 /* bg2@2x.png in Resources */,
				212BD49D1A6A487100CB8FD5 /* title3@2x.png in Resources */,
			);
			runOnlyForDeploymentPostprocessing = 0;
		};
		212BD4471A65954500CB8FD5 /* Resources */ = {
			isa = PBXResourcesBuildPhase;
			buildActionMask = 2147483647;
			files = (
			);
			runOnlyForDeploymentPostprocessing = 0;
		};
/* End PBXResourcesBuildPhase section */

/* Begin PBXSourcesBuildPhase section */
		212BD4301A65954500CB8FD5 /* Sources */ = {
			isa = PBXSourcesBuildPhase;
			buildActionMask = 2147483647;
			files = (
				212BD45C1A6596A800CB8FD5 /* PMInterPage.swift in Sources */,
				212BD43C1A65954500CB8FD5 /* ViewController.swift in Sources */,
				212BD4601A65973A00CB8FD5 /* PMInterView.swift in Sources */,
				212BD43A1A65954500CB8FD5 /* AppDelegate.swift in Sources */,
			);
			runOnlyForDeploymentPostprocessing = 0;
		};
		212BD4451A65954500CB8FD5 /* Sources */ = {
			isa = PBXSourcesBuildPhase;
			buildActionMask = 2147483647;
			files = (
				212BD4501A65954500CB8FD5 /* PMInterViewTests.swift in Sources */,
			);
			runOnlyForDeploymentPostprocessing = 0;
		};
/* End PBXSourcesBuildPhase section */

/* Begin PBXTargetDependency section */
		212BD44B1A65954500CB8FD5 /* PBXTargetDependency */ = {
			isa = PBXTargetDependency;
			target = 212BD4331A65954500CB8FD5 /* PMInterView */;
			targetProxy = 212BD44A1A65954500CB8FD5 /* PBXContainerItemProxy */;
		};
/* End PBXTargetDependency section */

/* Begin PBXVariantGroup section */
		212BD43D1A65954500CB8FD5 /* Main.storyboard */ = {
			isa = PBXVariantGroup;
			children = (
				212BD43E1A65954500CB8FD5 /* Base */,
			);
			name = Main.storyboard;
			sourceTree = "<group>";
		};
		212BD4421A65954500CB8FD5 /* LaunchScreen.xib */ = {
			isa = PBXVariantGroup;
			children = (
				212BD4431A65954500CB8FD5 /* Base */,
			);
			name = LaunchScreen.xib;
			sourceTree = "<group>";
		};
/* End PBXVariantGroup section */

/* Begin XCBuildConfiguration section */
		212BD4511A65954500CB8FD5 /* Debug */ = {
			isa = XCBuildConfiguration;
			buildSettings = {
				ALWAYS_SEARCH_USER_PATHS = NO;
				CLANG_CXX_LANGUAGE_STANDARD = "gnu++0x";
				CLANG_CXX_LIBRARY = "libc++";
				CLANG_ENABLE_MODULES = YES;
				CLANG_ENABLE_OBJC_ARC = YES;
				CLANG_WARN_BOOL_CONVERSION = YES;
				CLANG_WARN_CONSTANT_CONVERSION = YES;
				CLANG_WARN_DIRECT_OBJC_ISA_USAGE = YES_ERROR;
				CLANG_WARN_EMPTY_BODY = YES;
				CLANG_WARN_ENUM_CONVERSION = YES;
				CLANG_WARN_INT_CONVERSION = YES;
				CLANG_WARN_OBJC_ROOT_CLASS = YES_ERROR;
				CLANG_WARN_UNREACHABLE_CODE = YES;
				CLANG_WARN__DUPLICATE_METHOD_MATCH = YES;
				"CODE_SIGN_IDENTITY[sdk=iphoneos*]" = "iPhone Developer";
				COPY_PHASE_STRIP = NO;
				ENABLE_STRICT_OBJC_MSGSEND = YES;
				GCC_C_LANGUAGE_STANDARD = gnu99;
				GCC_DYNAMIC_NO_PIC = NO;
				GCC_OPTIMIZATION_LEVEL = 0;
				GCC_PREPROCESSOR_DEFINITIONS = (
					"DEBUG=1",
					"$(inherited)",
				);
				GCC_SYMBOLS_PRIVATE_EXTERN = NO;
				GCC_WARN_64_TO_32_BIT_CONVERSION = YES;
				GCC_WARN_ABOUT_RETURN_TYPE = YES_ERROR;
				GCC_WARN_UNDECLARED_SELECTOR = YES;
				GCC_WARN_UNINITIALIZED_AUTOS = YES_AGGRESSIVE;
				GCC_WARN_UNUSED_FUNCTION = YES;
				GCC_WARN_UNUSED_VARIABLE = YES;
				IPHONEOS_DEPLOYMENT_TARGET = 8.1;
				MTL_ENABLE_DEBUG_INFO = YES;
				ONLY_ACTIVE_ARCH = YES;
				SDKROOT = iphoneos;
				SWIFT_OPTIMIZATION_LEVEL = "-Onone";
			};
			name = Debug;
		};
		212BD4521A65954500CB8FD5 /* Release */ = {
			isa = XCBuildConfiguration;
			buildSettings = {
				ALWAYS_SEARCH_USER_PATHS = NO;
				CLANG_CXX_LANGUAGE_STANDARD = "gnu++0x";
				CLANG_CXX_LIBRARY = "libc++";
				CLANG_ENABLE_MODULES = YES;
				CLANG_ENABLE_OBJC_ARC = YES;
				CLANG_WARN_BOOL_CONVERSION = YES;
				CLANG_WARN_CONSTANT_CONVERSION = YES;
				CLANG_WARN_DIRECT_OBJC_ISA_USAGE = YES_ERROR;
				CLANG_WARN_EMPTY_BODY = YES;
				CLANG_WARN_ENUM_CONVERSION = YES;
				CLANG_WARN_INT_CONVERSION = YES;
				CLANG_WARN_OBJC_ROOT_CLASS = YES_ERROR;
				CLANG_WARN_UNREACHABLE_CODE = YES;
				CLANG_WARN__DUPLICATE_METHOD_MATCH = YES;
				"CODE_SIGN_IDENTITY[sdk=iphoneos*]" = "iPhone Developer";
				COPY_PHASE_STRIP = YES;
				ENABLE_NS_ASSERTIONS = NO;
				ENABLE_STRICT_OBJC_MSGSEND = YES;
				GCC_C_LANGUAGE_STANDARD = gnu99;
				GCC_WARN_64_TO_32_BIT_CONVERSION = YES;
				GCC_WARN_ABOUT_RETURN_TYPE = YES_ERROR;
				GCC_WARN_UNDECLARED_SELECTOR = YES;
				GCC_WARN_UNINITIALIZED_AUTOS = YES_AGGRESSIVE;
				GCC_WARN_UNUSED_FUNCTION = YES;
				GCC_WARN_UNUSED_VARIABLE = YES;
				IPHONEOS_DEPLOYMENT_TARGET = 8.1;
				MTL_ENABLE_DEBUG_INFO = NO;
				SDKROOT = iphoneos;
				VALIDATE_PRODUCT = YES;
			};
			name = Release;
		};
		212BD4541A65954500CB8FD5 /* Debug */ = {
			isa = XCBuildConfiguration;
			buildSettings = {
				ASSETCATALOG_COMPILER_APPICON_NAME = "AppIcon-3";
				ASSETCATALOG_COMPILER_LAUNCHIMAGE_NAME = "LaunchImage-2";
				CODE_SIGN_IDENTITY = "iPhone Developer";
				"CODE_SIGN_IDENTITY[sdk=iphoneos*]" = "iPhone Developer";
				INFOPLIST_FILE = PMInterView/Info.plist;
				IPHONEOS_DEPLOYMENT_TARGET = 7.1;
				LD_RUNPATH_SEARCH_PATHS = "$(inherited) @executable_path/Frameworks";
				PRODUCT_NAME = "$(TARGET_NAME)";
				PROVISIONING_PROFILE = "";
			};
			name = Debug;
		};
		212BD4551A65954500CB8FD5 /* Release */ = {
			isa = XCBuildConfiguration;
			buildSettings = {
				ASSETCATALOG_COMPILER_APPICON_NAME = "AppIcon-3";
				ASSETCATALOG_COMPILER_LAUNCHIMAGE_NAME = "LaunchImage-2";
				CODE_SIGN_IDENTITY = "iPhone Developer";
				"CODE_SIGN_IDENTITY[sdk=iphoneos*]" = "iPhone Developer";
				INFOPLIST_FILE = PMInterView/Info.plist;
				IPHONEOS_DEPLOYMENT_TARGET = 7.1;
				LD_RUNPATH_SEARCH_PATHS = "$(inherited) @executable_path/Frameworks";
				PRODUCT_NAME = "$(TARGET_NAME)";
				PROVISIONING_PROFILE = "";
			};
			name = Release;
		};
		212BD4571A65954500CB8FD5 /* Debug */ = {
			isa = XCBuildConfiguration;
			buildSettings = {
				BUNDLE_LOADER = "$(TEST_HOST)";
				FRAMEWORK_SEARCH_PATHS = (
					"$(SDKROOT)/Developer/Library/Frameworks",
					"$(inherited)",
				);
				GCC_PREPROCESSOR_DEFINITIONS = (
					"DEBUG=1",
					"$(inherited)",
				);
				INFOPLIST_FILE = PMInterViewTests/Info.plist;
				LD_RUNPATH_SEARCH_PATHS = "$(inherited) @executable_path/Frameworks @loader_path/Frameworks";
				PRODUCT_NAME = "$(TARGET_NAME)";
				TEST_HOST = "$(BUILT_PRODUCTS_DIR)/PMInterView.app/PMInterView";
			};
			name = Debug;
		};
		212BD4581A65954500CB8FD5 /* Release */ = {
			isa = XCBuildConfiguration;
			buildSettings = {
				BUNDLE_LOADER = "$(TEST_HOST)";
				FRAMEWORK_SEARCH_PATHS = (
					"$(SDKROOT)/Developer/Library/Frameworks",
					"$(inherited)",
				);
				INFOPLIST_FILE = PMInterViewTests/Info.plist;
				LD_RUNPATH_SEARCH_PATHS = "$(inherited) @executable_path/Frameworks @loader_path/Frameworks";
				PRODUCT_NAME = "$(TARGET_NAME)";
				TEST_HOST = "$(BUILT_PRODUCTS_DIR)/PMInterView.app/PMInterView";
			};
			name = Release;
		};
/* End XCBuildConfiguration section */

/* Begin XCConfigurationList section */
		212BD42F1A65954500CB8FD5 /* Build configuration list for PBXProject "PMInterView" */ = {
			isa = XCConfigurationList;
			buildConfigurations = (
				212BD4511A65954500CB8FD5 /* Debug */,
				212BD4521A65954500CB8FD5 /* Release */,
			);
			defaultConfigurationIsVisible = 0;
			defaultConfigurationName = Release;
		};
		212BD4531A65954500CB8FD5 /* Build configuration list for PBXNativeTarget "PMInterView" */ = {
			isa = XCConfigurationList;
			buildConfigurations = (
				212BD4541A65954500CB8FD5 /* Debug */,
				212BD4551A65954500CB8FD5 /* Release */,
			);
			defaultConfigurationIsVisible = 0;
			defaultConfigurationName = Release;
		};
		212BD4561A65954500CB8FD5 /* Build configuration list for PBXNativeTarget "PMInterViewTests" */ = {
			isa = XCConfigurationList;
			buildConfigurations = (
				212BD4571A65954500CB8FD5 /* Debug */,
				212BD4581A65954500CB8FD5 /* Release */,
			);
			defaultConfigurationIsVisible = 0;
			defaultConfigurationName = Release;
		};
/* End XCConfigurationList section */
	};
	rootObject = 212BD42C1A65954500CB8FD5 /* Project object */;
}
